
Microsoft Visual Studio Solution File, Format Version 12.00
# Visual Studio Version 16
VisualStudioVersion = 16.0.31829.152
MinimumVisualStudioVersion = 10.0.40219.1
Project("{9A19103F-16F7-4668-BE54-9A1E7A4F7556}") = "ServerSentEventAPI", "ServerSentEventAPI\ServerSentEventAPI.csproj", "{FEFDEB57-4D37-4CBF-870F-1625CEC63406}"
EndProject
Project("{FAE04EC0-301F-11D3-BF4B-00C04F79EFBC}") = "SSEWindowsConsumer", "SSEWindowsConsumer\SSEWindowsConsumer.csproj", "{D314F7D2-3521-4625-A17B-AC243408816B}"
EndProject
Global
	GlobalSection(SolutionConfigurationPlatforms) = preSolution
		Debug|Any CPU = Debug|Any CPU
		Release|Any CPU = Release|Any CPU
	EndGlobalSection
	GlobalSection(ProjectConfigurationPlatforms) = postSolution
		{FEFDEB57-4D37-4CBF-870F-1625CEC63406}.Debug|Any CPU.ActiveCfg = Debug|Any CPU
		{FEFDEB57-4D37-4CBF-870F-1625CEC63406}.Debug|Any CPU.Build.0 = Debug|Any CPU
		{FEFDEB57-4D37-4CBF-870F-1625CEC63406}.Release|Any CPU.ActiveCfg = Release|Any CPU
		{FEFDEB57-4D37-4CBF-870F-1625CEC63406}.Release|Any CPU.Build.0 = Release|Any CPU
		{D314F7D2-3521-4625-A17B-AC243408816B}.Debug|Any CPU.ActiveCfg = Debug|Any CPU
		{D314F7D2-3521-4625-A17B-AC243408816B}.Debug|Any CPU.Build.0 = Debug|Any CPU
		{D314F7D2-3521-4625-A17B-AC243408816B}.Release|Any CPU.ActiveCfg = Release|Any CPU
		{D314F7D2-3521-4625-A17B-AC243408816B}.Release|Any CPU.Build.0 = Release|Any CPU
	EndGlobalSection
	GlobalSection(SolutionProperties) = preSolution
		HideSolutionNode = FALSE
	EndGlobalSection
	GlobalSection(ExtensibilityGlobals) = postSolution
		SolutionGuid = {AA98C819-F163-49D2-8BA6-95F69D4AF80D}
	EndGlobalSection
EndGlobal
